
Microsoft Visual Studio Solution File, Format Version 12.00
# Visual Studio Version 17
VisualStudioVersion = 17.0.31903.59
MinimumVisualStudioVersion = 10.0.40219.1
Project("{2150E333-8FDC-42A3-9474-1A3956D46DE8}") = "src", "src", "{827E0CD3-B72D-47B6-A68D-7590B98EB39B}"
EndProject
Project("{FAE04EC0-301F-11D3-BF4B-00C04F79EFBC}") = "Innovayse.Domain", "src\Innovayse.Domain\Innovayse.Domain.csproj", "{AE768C6F-B729-4732-BEC7-0828AA8A64BB}"
EndProject
Project("{FAE04EC0-301F-11D3-BF4B-00C04F79EFBC}") = "Innovayse.Application", "src\Innovayse.Application\Innovayse.Application.csproj", "{42814FF5-D145-4CBA-BDF6-1EA4ADBF3A9E}"
EndProject
Project("{FAE04EC0-301F-11D3-BF4B-00C04F79EFBC}") = "Innovayse.Infrastructure", "src\Innovayse.Infrastructure\Innovayse.Infrastructure.csproj", "{A88E5AA3-580B-46BA-A299-CB496954021F}"
EndProject
Project("{FAE04EC0-301F-11D3-BF4B-00C04F79EFBC}") = "Innovayse.API", "src\Innovayse.API\Innovayse.API.csproj", "{8D887EF9-DE33-4515-91A9-C1D364590B3B}"
EndProject
Project("{FAE04EC0-301F-11D3-BF4B-00C04F79EFBC}") = "Innovayse.Domain.Tests", "tests\Innovayse.Domain.Tests\Innovayse.Domain.Tests.csproj", "{9622CF28-996A-400C-8138-64BA4664BBC2}"
EndProject
Project("{FAE04EC0-301F-11D3-BF4B-00C04F79EFBC}") = "Innovayse.Application.Tests", "tests\Innovayse.Application.Tests\Innovayse.Application.Tests.csproj", "{FC6CD02B-E6C1-42B2-BBBE-1477155A2A3C}"
EndProject
Project("{FAE04EC0-301F-11D3-BF4B-00C04F79EFBC}") = "Innovayse.Integration.Tests", "tests\Innovayse.Integration.Tests\Innovayse.Integration.Tests.csproj", "{DC22F3F8-CB21-471B-B359-4F7648D2D7E8}"
EndProject
Project("{FAE04EC0-301F-11D3-BF4B-00C04F79EFBC}") = "Innovayse.SDK", "src\Innovayse.SDK\Innovayse.SDK.csproj", "{09087F71-E6D1-4020-94DE-292015774027}"
EndProject
Project("{FAE04EC0-301F-11D3-BF4B-00C04F79EFBC}") = "Innovayse.Providers.CWP", "src\Innovayse.Providers.CWP\Innovayse.Providers.CWP.csproj", "{BC8913D2-43AE-4C19-B49D-4111DBC565F5}"
EndProject
Project("{2150E333-8FDC-42A3-9474-1A3956D46DE8}") = "tests", "tests", "{0AB3BF05-4346-4AA6-1389-037BE0695223}"
EndProject
Project("{FAE04EC0-301F-11D3-BF4B-00C04F79EFBC}") = "Innovayse.CWP.Tests", "tests\Innovayse.CWP.Tests\Innovayse.CWP.Tests.csproj", "{AAE4ABA6-E64F-47B6-A2DB-53C2463883AB}"
EndProject
Global
	GlobalSection(SolutionConfigurationPlatforms) = preSolution
		Debug|Any CPU = Debug|Any CPU
		Debug|x64 = Debug|x64
		Debug|x86 = Debug|x86
		Release|Any CPU = Release|Any CPU
		Release|x64 = Release|x64
		Release|x86 = Release|x86
	EndGlobalSection
	GlobalSection(ProjectConfigurationPlatforms) = postSolution
		{AE768C6F-B729-4732-BEC7-0828AA8A64BB}.Debug|Any CPU.ActiveCfg = Debug|Any CPU
		{AE768C6F-B729-4732-BEC7-0828AA8A64BB}.Debug|Any CPU.Build.0 = Debug|Any CPU
		{AE768C6F-B729-4732-BEC7-0828AA8A64BB}.Debug|x64.ActiveCfg = Debug|Any CPU
		{AE768C6F-B729-4732-BEC7-0828AA8A64BB}.Debug|x64.Build.0 = Debug|Any CPU
		{AE768C6F-B729-4732-BEC7-0828AA8A64BB}.Debug|x86.ActiveCfg = Debug|Any CPU
		{AE768C6F-B729-4732-BEC7-0828AA8A64BB}.Debug|x86.Build.0 = Debug|Any CPU
		{AE768C6F-B729-4732-BEC7-0828AA8A64BB}.Release|Any CPU.ActiveCfg = Release|Any CPU
		{AE768C6F-B729-4732-BEC7-0828AA8A64BB}.Release|Any CPU.Build.0 = Release|Any CPU
		{AE768C6F-B729-4732-BEC7-0828AA8A64BB}.Release|x64.ActiveCfg = Release|Any CPU
		{AE768C6F-B729-4732-BEC7-0828AA8A64BB}.Release|x64.Build.0 = Release|Any CPU
		{AE768C6F-B729-4732-BEC7-0828AA8A64BB}.Release|x86.ActiveCfg = Release|Any CPU
		{AE768C6F-B729-4732-BEC7-0828AA8A64BB}.Release|x86.Build.0 = Release|Any CPU
		{42814FF5-D145-4CBA-BDF6-1EA4ADBF3A9E}.Debug|Any CPU.ActiveCfg = Debug|Any CPU
		{42814FF5-D145-4CBA-BDF6-1EA4ADBF3A9E}.Debug|Any CPU.Build.0 = Debug|Any CPU
		{42814FF5-D145-4CBA-BDF6-1EA4ADBF3A9E}.Debug|x64.ActiveCfg = Debug|Any CPU
		{42814FF5-D145-4CBA-BDF6-1EA4ADBF3A9E}.Debug|x64.Build.0 = Debug|Any CPU
		{42814FF5-D145-4CBA-BDF6-1EA4ADBF3A9E}.Debug|x86.ActiveCfg = Debug|Any CPU
		{42814FF5-D145-4CBA-BDF6-1EA4ADBF3A9E}.Debug|x86.Build.0 = Debug|Any CPU
		{42814FF5-D145-4CBA-BDF6-1EA4ADBF3A9E}.Release|Any CPU.ActiveCfg = Release|Any CPU
		{42814FF5-D145-4CBA-BDF6-1EA4ADBF3A9E}.Release|Any CPU.Build.0 = Release|Any CPU
		{42814FF5-D145-4CBA-BDF6-1EA4ADBF3A9E}.Release|x64.ActiveCfg = Release|Any CPU
		{42814FF5-D145-4CBA-BDF6-1EA4ADBF3A9E}.Release|x64.Build.0 = Release|Any CPU
		{42814FF5-D145-4CBA-BDF6-1EA4ADBF3A9E}.Release|x86.ActiveCfg = Release|Any CPU
		{42814FF5-D145-4CBA-BDF6-1EA4ADBF3A9E}.Release|x86.Build.0 = Release|Any CPU
		{A88E5AA3-580B-46BA-A299-CB496954021F}.Debug|Any CPU.ActiveCfg = Debug|Any CPU
		{A88E5AA3-580B-46BA-A299-CB496954021F}.Debug|Any CPU.Build.0 = Debug|Any CPU
		{A88E5AA3-580B-46BA-A299-CB496954021F}.Debug|x64.ActiveCfg = Debug|Any CPU
		{A88E5AA3-580B-46BA-A299-CB496954021F}.Debug|x64.Build.0 = Debug|Any CPU
		{A88E5AA3-580B-46BA-A299-CB496954021F}.Debug|x86.ActiveCfg = Debug|Any CPU
		{A88E5AA3-580B-46BA-A299-CB496954021F}.Debug|x86.Build.0 = Debug|Any CPU
		{A88E5AA3-580B-46BA-A299-CB496954021F}.Release|Any CPU.ActiveCfg = Release|Any CPU
		{A88E5AA3-580B-46BA-A299-CB496954021F}.Release|Any CPU.Build.0 = Release|Any CPU
		{A88E5AA3-580B-46BA-A299-CB496954021F}.Release|x64.ActiveCfg = Release|Any CPU
		{A88E5AA3-580B-46BA-A299-CB496954021F}.Release|x64.Build.0 = Release|Any CPU
		{A88E5AA3-580B-46BA-A299-CB496954021F}.Release|x86.ActiveCfg = Release|Any CPU
		{A88E5AA3-580B-46BA-A299-CB496954021F}.Release|x86.Build.0 = Release|Any CPU
		{8D887EF9-DE33-4515-91A9-C1D364590B3B}.Debug|Any CPU.ActiveCfg = Debug|Any CPU
		{8D887EF9-DE33-4515-91A9-C1D364590B3B}.Debug|Any CPU.Build.0 = Debug|Any CPU
		{8D887EF9-DE33-4515-91A9-C1D364590B3B}.Debug|x64.ActiveCfg = Debug|Any CPU
		{8D887EF9-DE33-4515-91A9-C1D364590B3B}.Debug|x64.Build.0 = Debug|Any CPU
		{8D887EF9-DE33-4515-91A9-C1D364590B3B}.Debug|x86.ActiveCfg = Debug|Any CPU
		{8D887EF9-DE33-4515-91A9-C1D364590B3B}.Debug|x86.Build.0 = Debug|Any CPU
		{8D887EF9-DE33-4515-91A9-C1D364590B3B}.Release|Any CPU.ActiveCfg = Release|Any CPU
		{8D887EF9-DE33-4515-91A9-C1D364590B3B}.Release|Any CPU.Build.0 = Release|Any CPU
		{8D887EF9-DE33-4515-91A9-C1D364590B3B}.Release|x64.ActiveCfg = Release|Any CPU
		{8D887EF9-DE33-4515-91A9-C1D364590B3B}.Release|x64.Build.0 = Release|Any CPU
		{8D887EF9-DE33-4515-91A9-C1D364590B3B}.Release|x86.ActiveCfg = Release|Any CPU
		{8D887EF9-DE33-4515-91A9-C1D364590B3B}.Release|x86.Build.0 = Release|Any CPU
		{9622CF28-996A-400C-8138-64BA4664BBC2}.Debug|Any CPU.ActiveCfg = Debug|Any CPU
		{9622CF28-996A-400C-8138-64BA4664BBC2}.Debug|Any CPU.Build.0 = Debug|Any CPU
		{9622CF28-996A-400C-8138-64BA4664BBC2}.Debug|x64.ActiveCfg = Debug|Any CPU
		{9622CF28-996A-400C-8138-64BA4664BBC2}.Debug|x64.Build.0 = Debug|Any CPU
		{9622CF28-996A-400C-8138-64BA4664BBC2}.Debug|x86.ActiveCfg = Debug|Any CPU
		{9622CF28-996A-400C-8138-64BA4664BBC2}.Debug|x86.Build.0 = Debug|Any CPU
		{9622CF28-996A-400C-8138-64BA4664BBC2}.Release|Any CPU.ActiveCfg = Release|Any CPU
		{9622CF28-996A-400C-8138-64BA4664BBC2}.Release|Any CPU.Build.0 = Release|Any CPU
		{9622CF28-996A-400C-8138-64BA4664BBC2}.Release|x64.ActiveCfg = Release|Any CPU
		{9622CF28-996A-400C-8138-64BA4664BBC2}.Release|x64.Build.0 = Release|Any CPU
		{9622CF28-996A-400C-8138-64BA4664BBC2}.Release|x86.ActiveCfg = Release|Any CPU
		{9622CF28-996A-400C-8138-64BA4664BBC2}.Release|x86.Build.0 = Release|Any CPU
		{FC6CD02B-E6C1-42B2-BBBE-1477155A2A3C}.Debug|Any CPU.ActiveCfg = Debug|Any CPU
		{FC6CD02B-E6C1-42B2-BBBE-1477155A2A3C}.Debug|Any CPU.Build.0 = Debug|Any CPU
		{FC6CD02B-E6C1-42B2-BBBE-1477155A2A3C}.Debug|x64.ActiveCfg = Debug|Any CPU
		{FC6CD02B-E6C1-42B2-BBBE-1477155A2A3C}.Debug|x64.Build.0 = Debug|Any CPU
		{FC6CD02B-E6C1-42B2-BBBE-1477155A2A3C}.Debug|x86.ActiveCfg = Debug|Any CPU
		{FC6CD02B-E6C1-42B2-BBBE-1477155A2A3C}.Debug|x86.Build.0 = Debug|Any CPU
		{FC6CD02B-E6C1-42B2-BBBE-1477155A2A3C}.Release|Any CPU.ActiveCfg = Release|Any CPU
		{FC6CD02B-E6C1-42B2-BBBE-1477155A2A3C}.Release|Any CPU.Build.0 = Release|Any CPU
		{FC6CD02B-E6C1-42B2-BBBE-1477155A2A3C}.Release|x64.ActiveCfg = Release|Any CPU
		{FC6CD02B-E6C1-42B2-BBBE-1477155A2A3C}.Release|x64.Build.0 = Release|Any CPU
		{FC6CD02B-E6C1-42B2-BBBE-1477155A2A3C}.Release|x86.ActiveCfg = Release|Any CPU
		{FC6CD02B-E6C1-42B2-BBBE-1477155A2A3C}.Release|x86.Build.0 = Release|Any CPU
		{DC22F3F8-CB21-471B-B359-4F7648D2D7E8}.Debug|Any CPU.ActiveCfg = Debug|Any CPU
		{DC22F3F8-CB21-471B-B359-4F7648D2D7E8}.Debug|Any CPU.Build.0 = Debug|Any CPU
		{DC22F3F8-CB21-471B-B359-4F7648D2D7E8}.Debug|x64.ActiveCfg = Debug|Any CPU
		{DC22F3F8-CB21-471B-B359-4F7648D2D7E8}.Debug|x64.Build.0 = Debug|Any CPU
		{DC22F3F8-CB21-471B-B359-4F7648D2D7E8}.Debug|x86.ActiveCfg = Debug|Any CPU
		{DC22F3F8-CB21-471B-B359-4F7648D2D7E8}.Debug|x86.Build.0 = Debug|Any CPU
		{DC22F3F8-CB21-471B-B359-4F7648D2D7E8}.Release|Any CPU.ActiveCfg = Release|Any CPU
		{DC22F3F8-CB21-471B-B359-4F7648D2D7E8}.Release|Any CPU.Build.0 = Release|Any CPU
		{DC22F3F8-CB21-471B-B359-4F7648D2D7E8}.Release|x64.ActiveCfg = Release|Any CPU
		{DC22F3F8-CB21-471B-B359-4F7648D2D7E8}.Release|x64.Build.0 = Release|Any CPU
		{DC22F3F8-CB21-471B-B359-4F7648D2D7E8}.Release|x86.ActiveCfg = Release|Any CPU
		{DC22F3F8-CB21-471B-B359-4F7648D2D7E8}.Release|x86.Build.0 = Release|Any CPU
		{09087F71-E6D1-4020-94DE-292015774027}.Debug|Any CPU.ActiveCfg = Debug|Any CPU
		{09087F71-E6D1-4020-94DE-292015774027}.Debug|Any CPU.Build.0 = Debug|Any CPU
		{09087F71-E6D1-4020-94DE-292015774027}.Debug|x64.ActiveCfg = Debug|Any CPU
		{09087F71-E6D1-4020-94DE-292015774027}.Debug|x64.Build.0 = Debug|Any CPU
		{09087F71-E6D1-4020-94DE-292015774027}.Debug|x86.ActiveCfg = Debug|Any CPU
		{09087F71-E6D1-4020-94DE-292015774027}.Debug|x86.Build.0 = Debug|Any CPU
		{09087F71-E6D1-4020-94DE-292015774027}.Release|Any CPU.ActiveCfg = Release|Any CPU
		{09087F71-E6D1-4020-94DE-292015774027}.Release|Any CPU.Build.0 = Release|Any CPU
		{09087F71-E6D1-4020-94DE-292015774027}.Release|x64.ActiveCfg = Release|Any CPU
		{09087F71-E6D1-4020-94DE-292015774027}.Release|x64.Build.0 = Release|Any CPU
		{09087F71-E6D1-4020-94DE-292015774027}.Release|x86.ActiveCfg = Release|Any CPU
		{09087F71-E6D1-4020-94DE-292015774027}.Release|x86.Build.0 = Release|Any CPU
		{BC8913D2-43AE-4C19-B49D-4111DBC565F5}.Debug|Any CPU.ActiveCfg = Debug|Any CPU
		{BC8913D2-43AE-4C19-B49D-4111DBC565F5}.Debug|Any CPU.Build.0 = Debug|Any CPU
		{BC8913D2-43AE-4C19-B49D-4111DBC565F5}.Debug|x64.ActiveCfg = Debug|Any CPU
		{BC8913D2-43AE-4C19-B49D-4111DBC565F5}.Debug|x64.Build.0 = Debug|Any CPU
		{BC8913D2-43AE-4C19-B49D-4111DBC565F5}.Debug|x86.ActiveCfg = Debug|Any CPU
		{BC8913D2-43AE-4C19-B49D-4111DBC565F5}.Debug|x86.Build.0 = Debug|Any CPU
		{BC8913D2-43AE-4C19-B49D-4111DBC565F5}.Release|Any CPU.ActiveCfg = Release|Any CPU
		{BC8913D2-43AE-4C19-B49D-4111DBC565F5}.Release|Any CPU.Build.0 = Release|Any CPU
		{BC8913D2-43AE-4C19-B49D-4111DBC565F5}.Release|x64.ActiveCfg = Release|Any CPU
		{BC8913D2-43AE-4C19-B49D-4111DBC565F5}.Release|x64.Build.0 = Release|Any CPU
		{BC8913D2-43AE-4C19-B49D-4111DBC565F5}.Release|x86.ActiveCfg = Release|Any CPU
		{BC8913D2-43AE-4C19-B49D-4111DBC565F5}.Release|x86.Build.0 = Release|Any CPU
		{AAE4ABA6-E64F-47B6-A2DB-53C2463883AB}.Debug|Any CPU.ActiveCfg = Debug|Any CPU
		{AAE4ABA6-E64F-47B6-A2DB-53C2463883AB}.Debug|Any CPU.Build.0 = Debug|Any CPU
		{AAE4ABA6-E64F-47B6-A2DB-53C2463883AB}.Debug|x64.ActiveCfg = Debug|Any CPU
		{AAE4ABA6-E64F-47B6-A2DB-53C2463883AB}.Debug|x64.Build.0 = Debug|Any CPU
		{AAE4ABA6-E64F-47B6-A2DB-53C2463883AB}.Debug|x86.ActiveCfg = Debug|Any CPU
		{AAE4ABA6-E64F-47B6-A2DB-53C2463883AB}.Debug|x86.Build.0 = Debug|Any CPU
		{AAE4ABA6-E64F-47B6-A2DB-53C2463883AB}.Release|Any CPU.ActiveCfg = Release|Any CPU
		{AAE4ABA6-E64F-47B6-A2DB-53C2463883AB}.Release|Any CPU.Build.0 = Release|Any CPU
		{AAE4ABA6-E64F-47B6-A2DB-53C2463883AB}.Release|x64.ActiveCfg = Release|Any CPU
		{AAE4ABA6-E64F-47B6-A2DB-53C2463883AB}.Release|x64.Build.0 = Release|Any CPU
		{AAE4ABA6-E64F-47B6-A2DB-53C2463883AB}.Release|x86.ActiveCfg = Release|Any CPU
		{AAE4ABA6-E64F-47B6-A2DB-53C2463883AB}.Release|x86.Build.0 = Release|Any CPU
	EndGlobalSection
	GlobalSection(SolutionProperties) = preSolution
		HideSolutionNode = FALSE
	EndGlobalSection
	GlobalSection(NestedProjects) = preSolution
		{AE768C6F-B729-4732-BEC7-0828AA8A64BB} = {827E0CD3-B72D-47B6-A68D-7590B98EB39B}
		{42814FF5-D145-4CBA-BDF6-1EA4ADBF3A9E} = {827E0CD3-B72D-47B6-A68D-7590B98EB39B}
		{A88E5AA3-580B-46BA-A299-CB496954021F} = {827E0CD3-B72D-47B6-A68D-7590B98EB39B}
		{8D887EF9-DE33-4515-91A9-C1D364590B3B} = {827E0CD3-B72D-47B6-A68D-7590B98EB39B}
		{9622CF28-996A-400C-8138-64BA4664BBC2} = {827E0CD3-B72D-47B6-A68D-7590B98EB39B}
		{FC6CD02B-E6C1-42B2-BBBE-1477155A2A3C} = {827E0CD3-B72D-47B6-A68D-7590B98EB39B}
		{DC22F3F8-CB21-471B-B359-4F7648D2D7E8} = {827E0CD3-B72D-47B6-A68D-7590B98EB39B}
		{09087F71-E6D1-4020-94DE-292015774027} = {827E0CD3-B72D-47B6-A68D-7590B98EB39B}
		{BC8913D2-43AE-4C19-B49D-4111DBC565F5} = {827E0CD3-B72D-47B6-A68D-7590B98EB39B}
		{AAE4ABA6-E64F-47B6-A2DB-53C2463883AB} = {0AB3BF05-4346-4AA6-1389-037BE0695223}
	EndGlobalSection
EndGlobal
